
Microsoft Visual Studio Solution File, Format Version 12.00
# Visual Studio Version 17
VisualStudioVersion = 17.2.32630.192
MinimumVisualStudioVersion = 10.0.40219.1
Project("{FAE04EC0-301F-11D3-BF4B-00C04F79EFBC}") = "BubbleSort", "BubbleSort\BubbleSort.csproj", "{94E498D1-1452-46A5-96DE-D354C2164A53}"
EndProject
Global
	GlobalSection(SolutionConfigurationPlatforms) = preSolution
		Debug|Any CPU = Debug|Any CPU
		Release|Any CPU = Release|Any CPU
	EndGlobalSection
	GlobalSection(ProjectConfigurationPlatforms) = postSolution
		{94E498D1-1452-46A5-96DE-D354C2164A53}.Debug|Any CPU.ActiveCfg = Debug|Any CPU
		{94E498D1-1452-46A5-96DE-D354C2164A53}.Debug|Any CPU.Build.0 = Debug|Any CPU
		{94E498D1-1452-46A5-96DE-D354C2164A53}.Release|Any CPU.ActiveCfg = Release|Any CPU
		{94E498D1-1452-46A5-96DE-D354C2164A53}.Release|Any CPU.Build.0 = Release|Any CPU
	EndGlobalSection
	GlobalSection(SolutionProperties) = preSolution
		HideSolutionNode = FALSE
	EndGlobalSection
	GlobalSection(ExtensibilityGlobals) = postSolution
		SolutionGuid = {CE32680B-3D8E-4DD2-ADDA-009322748F83}
	EndGlobalSection
EndGlobal
