
Microsoft Visual Studio Solution File, Format Version 12.00
# Visual Studio Version 17
VisualStudioVersion = 17.2.32630.192
MinimumVisualStudioVersion = 10.0.40219.1
Project("{FAE04EC0-301F-11D3-BF4B-00C04F79EFBC}") = "PersonalInfoLib", "PersonalInfoLib\PersonalInfoLib.csproj", "{54D7BBDC-CA77-45F5-A7A6-F2F34C7459E2}"
EndProject
Project("{FAE04EC0-301F-11D3-BF4B-00C04F79EFBC}") = "PersonDataTestApp", "PersonDataTestApp\PersonDataTestApp.csproj", "{31B6A223-22B1-431D-BAA9-A75834B1708E}"
EndProject
Global
	GlobalSection(SolutionConfigurationPlatforms) = preSolution
		Debug|Any CPU = Debug|Any CPU
		Release|Any CPU = Release|Any CPU
	EndGlobalSection
	GlobalSection(ProjectConfigurationPlatforms) = postSolution
		{54D7BBDC-CA77-45F5-A7A6-F2F34C7459E2}.Debug|Any CPU.ActiveCfg = Debug|Any CPU
		{54D7BBDC-CA77-45F5-A7A6-F2F34C7459E2}.Debug|Any CPU.Build.0 = Debug|Any CPU
		{54D7BBDC-CA77-45F5-A7A6-F2F34C7459E2}.Release|Any CPU.ActiveCfg = Release|Any CPU
		{54D7BBDC-CA77-45F5-A7A6-F2F34C7459E2}.Release|Any CPU.Build.0 = Release|Any CPU
		{31B6A223-22B1-431D-BAA9-A75834B1708E}.Debug|Any CPU.ActiveCfg = Debug|Any CPU
		{31B6A223-22B1-431D-BAA9-A75834B1708E}.Debug|Any CPU.Build.0 = Debug|Any CPU
		{31B6A223-22B1-431D-BAA9-A75834B1708E}.Release|Any CPU.ActiveCfg = Release|Any CPU
		{31B6A223-22B1-431D-BAA9-A75834B1708E}.Release|Any CPU.Build.0 = Release|Any CPU
	EndGlobalSection
	GlobalSection(SolutionProperties) = preSolution
		HideSolutionNode = FALSE
	EndGlobalSection
	GlobalSection(ExtensibilityGlobals) = postSolution
		SolutionGuid = {1E58DE0C-4575-4E97-8BF8-670431B0FE95}
	EndGlobalSection
EndGlobal
